
Microsoft Visual Studio Solution File, Format Version 12.00
# Visual Studio Version 17
VisualStudioVersion = 17.5.002.0
MinimumVisualStudioVersion = 10.0.40219.1
Project("{9A19103F-16F7-4668-BE54-9A1E7A4F7556}") = ".NET-Fizz-Buzz-Challenge", ".NET-Fizz-Buzz-Challenge.csproj", "{756716A7-DD45-4130-BACE-34C345F21C8D}"
EndProject
Global
	GlobalSection(SolutionConfigurationPlatforms) = preSolution
		Debug|Any CPU = Debug|Any CPU
		Release|Any CPU = Release|Any CPU
	EndGlobalSection
	GlobalSection(ProjectConfigurationPlatforms) = postSolution
		{756716A7-DD45-4130-BACE-34C345F21C8D}.Debug|Any CPU.ActiveCfg = Debug|Any CPU
		{756716A7-DD45-4130-BACE-34C345F21C8D}.Debug|Any CPU.Build.0 = Debug|Any CPU
		{756716A7-DD45-4130-BACE-34C345F21C8D}.Release|Any CPU.ActiveCfg = Release|Any CPU
		{756716A7-DD45-4130-BACE-34C345F21C8D}.Release|Any CPU.Build.0 = Release|Any CPU
	EndGlobalSection
	GlobalSection(SolutionProperties) = preSolution
		HideSolutionNode = FALSE
	EndGlobalSection
	GlobalSection(ExtensibilityGlobals) = postSolution
		SolutionGuid = {AC85229E-B132-43FA-A205-D9405C41A00B}
	EndGlobalSection
EndGlobal
